// !$*UTF8*$!
{
	archiveVersion = 1;
	classes = {
	};
	objectVersion = 52;
	objects = {

/* Begin PBXBuildFile section */
		78232034240E7D7B00D4FDE3 /* DeviceDetailView.swift in Sources */ = {isa = PBXBuildFile; fileRef = 78232033240E7D7B00D4FDE3 /* DeviceDetailView.swift */; };
		78232038240EA8BA00D4FDE3 /* MainView.swift in Sources */ = {isa = PBXBuildFile; fileRef = 78232037240EA8B900D4FDE3 /* MainView.swift */; };
		7823203A240EBB4500D4FDE3 /* EnvironmentScanner.swift in Sources */ = {isa = PBXBuildFile; fileRef = 78232039240EBB4500D4FDE3 /* EnvironmentScanner.swift */; };
		782354EA241A534500F11D6B /* AWDLScanner in Frameworks */ = {isa = PBXBuildFile; productRef = 782354E9241A534500F11D6B /* AWDLScanner */; };
		7823682B241F885A00406CEE /* DocumentPickerView.swift in Sources */ = {isa = PBXBuildFile; fileRef = 7823682A241F885A00406CEE /* DocumentPickerView.swift */; };
		7823682E2420C29600406CEE /* PopoverSheet.swift in Sources */ = {isa = PBXBuildFile; fileRef = 7823682D2420C29600406CEE /* PopoverSheet.swift */; };
		7823683124210AEE00406CEE /* BLETools in Frameworks */ = {isa = PBXBuildFile; productRef = 7823683024210AEE00406CEE /* BLETools */; };
		7838954C241A5625008248CA /* AWDLScannerView.swift in Sources */ = {isa = PBXBuildFile; fileRef = 7838954B241A5625008248CA /* AWDLScannerView.swift */; };
		7852D37F241BE20D00AA1B96 /* ActivityView.swift in Sources */ = {isa = PBXBuildFile; fileRef = 7852D37E241BE20D00AA1B96 /* ActivityView.swift */; };
		786A383424339CAB00608FAB /* iPadActionSheet.swift in Sources */ = {isa = PBXBuildFile; fileRef = 786A383324339CAB00608FAB /* iPadActionSheet.swift */; };
		7874249C2437874D00F06B90 /* AdvertisementRow.swift in Sources */ = {isa = PBXBuildFile; fileRef = 7874249B2437874D00F06B90 /* AdvertisementRow.swift */; };
		7874249F24378C7B00F06B90 /* ColorExtension.swift in Sources */ = {isa = PBXBuildFile; fileRef = 7874249E24378C7B00F06B90 /* ColorExtension.swift */; };
		7879E3BB2417EB23003AA8DF /* AdvertisementTypeFilterView.swift in Sources */ = {isa = PBXBuildFile; fileRef = 7879E3BA2417EB23003AA8DF /* AdvertisementTypeFilterView.swift */; };
		7879E3C62418EF6C003AA8DF /* SharingBLEHandler.m in Sources */ = {isa = PBXBuildFile; fileRef = 7879E3C52418EF6C003AA8DF /* SharingBLEHandler.m */; };
		787D6F5B241BB8FD00AB7AB3 /* AWDLServiceDetailView.swift in Sources */ = {isa = PBXBuildFile; fileRef = 787D6F5A241BB8FD00AB7AB3 /* AWDLServiceDetailView.swift */; };
		787D6F76241BC91D00AB7AB3 /* DetailWindowController.swift in Sources */ = {isa = PBXBuildFile; fileRef = 787D6F75241BC91D00AB7AB3 /* DetailWindowController.swift */; };
		787D6F79241BD1D600AB7AB3 /* Model.swift in Sources */ = {isa = PBXBuildFile; fileRef = 787D6F78241BD1D600AB7AB3 /* Model.swift */; };
		787D6F7B241BD63E00AB7AB3 /* ModelSceneDelegate.swift in Sources */ = {isa = PBXBuildFile; fileRef = 787D6F7A241BD63E00AB7AB3 /* ModelSceneDelegate.swift */; };
		787F50002424B2BD005861EE /* RSSIPlots.swift in Sources */ = {isa = PBXBuildFile; fileRef = 787F4FFF2424B2BD005861EE /* RSSIPlots.swift */; };
		7888CFDE242DFAB900A2C971 /* ActivitySpinner.swift in Sources */ = {isa = PBXBuildFile; fileRef = 7888CFDD242DFAB900A2C971 /* ActivitySpinner.swift */; };
		7888CFE3242E04D600A2C971 /* BlurView.swift in Sources */ = {isa = PBXBuildFile; fileRef = 7888CFE2242E04D600A2C971 /* BlurView.swift */; };
		7888CFE5242E550F00A2C971 /* ConnectingView.swift in Sources */ = {isa = PBXBuildFile; fileRef = 7888CFE4242E550F00A2C971 /* ConnectingView.swift */; };
		788D9885240D435C005FC745 /* AppDelegate.swift in Sources */ = {isa = PBXBuildFile; fileRef = 788D9884240D435C005FC745 /* AppDelegate.swift */; };
		788D9887240D435C005FC745 /* SceneDelegate.swift in Sources */ = {isa = PBXBuildFile; fileRef = 788D9886240D435C005FC745 /* SceneDelegate.swift */; };
		788D9889240D435C005FC745 /* DeviceListView.swift in Sources */ = {isa = PBXBuildFile; fileRef = 788D9888240D435C005FC745 /* DeviceListView.swift */; };
		788D988B240D435E005FC745 /* Assets.xcassets in Resources */ = {isa = PBXBuildFile; fileRef = 788D988A240D435E005FC745 /* Assets.xcassets */; };
		788D988E240D435E005FC745 /* Preview Assets.xcassets in Resources */ = {isa = PBXBuildFile; fileRef = 788D988D240D435E005FC745 /* Preview Assets.xcassets */; };
		788D9891240D435E005FC745 /* LaunchScreen.storyboard in Resources */ = {isa = PBXBuildFile; fileRef = 788D988F240D435E005FC745 /* LaunchScreen.storyboard */; };
		788D989C240D435E005FC745 /* BLE_ScannerTests.swift in Sources */ = {isa = PBXBuildFile; fileRef = 788D989B240D435E005FC745 /* BLE_ScannerTests.swift */; };
		788D98A7240D435E005FC745 /* BLE_ScannerUITests.swift in Sources */ = {isa = PBXBuildFile; fileRef = 788D98A6240D435E005FC745 /* BLE_ScannerUITests.swift */; };
		788D98E3240D561E005FC745 /* Localizable.strings in Resources */ = {isa = PBXBuildFile; fileRef = 788D98E5240D561E005FC745 /* Localizable.strings */; };
		78A43B0B2437922100319BD8 /* AdvertisementManudfacturerDataView.swift in Sources */ = {isa = PBXBuildFile; fileRef = 78A43B0A2437922100319BD8 /* AdvertisementManudfacturerDataView.swift */; };
		78A771392421274700EF3E0C /* AdvertisementTypeFilterView.swift in Sources */ = {isa = PBXBuildFile; fileRef = 7879E3BA2417EB23003AA8DF /* AdvertisementTypeFilterView.swift */; };
		78A7713A2421274700EF3E0C /* AppDelegate.swift in Sources */ = {isa = PBXBuildFile; fileRef = 788D9884240D435C005FC745 /* AppDelegate.swift */; };
		78A7713B2421274700EF3E0C /* MainView.swift in Sources */ = {isa = PBXBuildFile; fileRef = 78232037240EA8B900D4FDE3 /* MainView.swift */; };
		78A7713C2421274700EF3E0C /* AWDLServiceDetailView.swift in Sources */ = {isa = PBXBuildFile; fileRef = 787D6F5A241BB8FD00AB7AB3 /* AWDLServiceDetailView.swift */; };
		78A7713D2421274700EF3E0C /* AWDLScannerView.swift in Sources */ = {isa = PBXBuildFile; fileRef = 7838954B241A5625008248CA /* AWDLScannerView.swift */; };
		78A7713E2421274700EF3E0C /* EnvironmentScanner.swift in Sources */ = {isa = PBXBuildFile; fileRef = 78232039240EBB4500D4FDE3 /* EnvironmentScanner.swift */; };
		78A7713F2421274700EF3E0C /* Model.swift in Sources */ = {isa = PBXBuildFile; fileRef = 787D6F78241BD1D600AB7AB3 /* Model.swift */; };
		78A771402421274700EF3E0C /* SceneDelegate.swift in Sources */ = {isa = PBXBuildFile; fileRef = 788D9886240D435C005FC745 /* SceneDelegate.swift */; };
		78A771412421274700EF3E0C /* ActivityView.swift in Sources */ = {isa = PBXBuildFile; fileRef = 7852D37E241BE20D00AA1B96 /* ActivityView.swift */; };
		78A771422421274700EF3E0C /* DeviceDetailView.swift in Sources */ = {isa = PBXBuildFile; fileRef = 78232033240E7D7B00D4FDE3 /* DeviceDetailView.swift */; };
		78A771432421274700EF3E0C /* ModelSceneDelegate.swift in Sources */ = {isa = PBXBuildFile; fileRef = 787D6F7A241BD63E00AB7AB3 /* ModelSceneDelegate.swift */; };
		78A771442421274700EF3E0C /* DocumentPickerView.swift in Sources */ = {isa = PBXBuildFile; fileRef = 7823682A241F885A00406CEE /* DocumentPickerView.swift */; };
		78A771452421274700EF3E0C /* SharingBLEHandler.m in Sources */ = {isa = PBXBuildFile; fileRef = 7879E3C52418EF6C003AA8DF /* SharingBLEHandler.m */; };
		78A771462421274700EF3E0C /* ManfucaturerSelection.swift in Sources */ = {isa = PBXBuildFile; fileRef = 78B8661F24123C80003761D0 /* ManfucaturerSelection.swift */; };
		78A771472421274700EF3E0C /* PopoverSheet.swift in Sources */ = {isa = PBXBuildFile; fileRef = 7823682D2420C29600406CEE /* PopoverSheet.swift */; };
		78A771482421274700EF3E0C /* DetailWindowController.swift in Sources */ = {isa = PBXBuildFile; fileRef = 787D6F75241BC91D00AB7AB3 /* DetailWindowController.swift */; };
		78A771492421274700EF3E0C /* DeviceListView.swift in Sources */ = {isa = PBXBuildFile; fileRef = 788D9888240D435C005FC745 /* DeviceListView.swift */; };
		78A7714B2421274700EF3E0C /* BLETools in Frameworks */ = {isa = PBXBuildFile; productRef = 78A771362421274700EF3E0C /* BLETools */; };
		78A7714C2421274700EF3E0C /* AWDLScanner in Frameworks */ = {isa = PBXBuildFile; productRef = 78A771342421274700EF3E0C /* AWDLScanner */; };
		78A7714E2421274700EF3E0C /* LaunchScreen.storyboard in Resources */ = {isa = PBXBuildFile; fileRef = 788D988F240D435E005FC745 /* LaunchScreen.storyboard */; };
		78A7714F2421274700EF3E0C /* Localizable.strings in Resources */ = {isa = PBXBuildFile; fileRef = 788D98E5240D561E005FC745 /* Localizable.strings */; };
		78A771502421274700EF3E0C /* README.md in Resources */ = {isa = PBXBuildFile; fileRef = 78B8661B240FE43F003761D0 /* README.md */; };
		78A771512421274700EF3E0C /* Preview Assets.xcassets in Resources */ = {isa = PBXBuildFile; fileRef = 788D988D240D435E005FC745 /* Preview Assets.xcassets */; };
		78A771522421274700EF3E0C /* Assets.xcassets in Resources */ = {isa = PBXBuildFile; fileRef = 788D988A240D435E005FC745 /* Assets.xcassets */; };
		78A7715924212A6200EF3E0C /* RecordAdvertisementsView.swift in Sources */ = {isa = PBXBuildFile; fileRef = 78A7715824212A6200EF3E0C /* RecordAdvertisementsView.swift */; };
		78B8661C240FE43F003761D0 /* README.md in Resources */ = {isa = PBXBuildFile; fileRef = 78B8661B240FE43F003761D0 /* README.md */; };
		78B8662024123C80003761D0 /* ManfucaturerSelection.swift in Sources */ = {isa = PBXBuildFile; fileRef = 78B8661F24123C80003761D0 /* ManfucaturerSelection.swift */; };
		78D86E46240D81D400E718BF /* CoreBluetoothTests.swift in Sources */ = {isa = PBXBuildFile; fileRef = 78D86E45240D81D400E718BF /* CoreBluetoothTests.swift */; };
		78EFB97C242277A000C4A6B8 /* SettingsView.swift in Sources */ = {isa = PBXBuildFile; fileRef = 78EFB97B242277A000C4A6B8 /* SettingsView.swift */; };
/* End PBXBuildFile section */

/* Begin PBXContainerItemProxy section */
		788D9898240D435E005FC745 /* PBXContainerItemProxy */ = {
			isa = PBXContainerItemProxy;
			containerPortal = 788D9879240D435C005FC745 /* Project object */;
			proxyType = 1;
			remoteGlobalIDString = 788D9880240D435C005FC745;
			remoteInfo = "BLE-Scanner";
		};
		788D98A3240D435E005FC745 /* PBXContainerItemProxy */ = {
			isa = PBXContainerItemProxy;
			containerPortal = 788D9879240D435C005FC745 /* Project object */;
			proxyType = 1;
			remoteGlobalIDString = 788D9880240D435C005FC745;
			remoteInfo = "BLE-Scanner";
		};
/* End PBXContainerItemProxy section */

/* Begin PBXFileReference section */
		7823202E240E771200D4FDE3 /* BLE-Scanner.entitlements */ = {isa = PBXFileReference; lastKnownFileType = text.plist.entitlements; path = "BLE-Scanner.entitlements"; sourceTree = "<group>"; };
		78232033240E7D7B00D4FDE3 /* DeviceDetailView.swift */ = {isa = PBXFileReference; lastKnownFileType = sourcecode.swift; path = DeviceDetailView.swift; sourceTree = "<group>"; };
		78232037240EA8B900D4FDE3 /* MainView.swift */ = {isa = PBXFileReference; lastKnownFileType = sourcecode.swift; path = MainView.swift; sourceTree = "<group>"; };
		78232039240EBB4500D4FDE3 /* EnvironmentScanner.swift */ = {isa = PBXFileReference; lastKnownFileType = sourcecode.swift; path = EnvironmentScanner.swift; sourceTree = "<group>"; };
		7823682A241F885A00406CEE /* DocumentPickerView.swift */ = {isa = PBXFileReference; lastKnownFileType = sourcecode.swift; path = DocumentPickerView.swift; sourceTree = "<group>"; };
		7823682D2420C29600406CEE /* PopoverSheet.swift */ = {isa = PBXFileReference; lastKnownFileType = sourcecode.swift; path = PopoverSheet.swift; sourceTree = "<group>"; };
		7838954B241A5625008248CA /* AWDLScannerView.swift */ = {isa = PBXFileReference; lastKnownFileType = sourcecode.swift; path = AWDLScannerView.swift; sourceTree = "<group>"; };
		7852D37E241BE20D00AA1B96 /* ActivityView.swift */ = {isa = PBXFileReference; lastKnownFileType = sourcecode.swift; path = ActivityView.swift; sourceTree = "<group>"; };
		786A383324339CAB00608FAB /* iPadActionSheet.swift */ = {isa = PBXFileReference; lastKnownFileType = sourcecode.swift; path = iPadActionSheet.swift; sourceTree = "<group>"; };
		7874249B2437874D00F06B90 /* AdvertisementRow.swift */ = {isa = PBXFileReference; lastKnownFileType = sourcecode.swift; path = AdvertisementRow.swift; sourceTree = "<group>"; };
		7874249E24378C7B00F06B90 /* ColorExtension.swift */ = {isa = PBXFileReference; lastKnownFileType = sourcecode.swift; path = ColorExtension.swift; sourceTree = "<group>"; };
		7879E3BA2417EB23003AA8DF /* AdvertisementTypeFilterView.swift */ = {isa = PBXFileReference; lastKnownFileType = sourcecode.swift; path = AdvertisementTypeFilterView.swift; sourceTree = "<group>"; };
		7879E3BF2418EF40003AA8DF /* SFBLEScanner.h */ = {isa = PBXFileReference; lastKnownFileType = sourcecode.c.h; path = SFBLEScanner.h; sourceTree = "<group>"; };
		7879E3C02418EF40003AA8DF /* SFBLEDevice.h */ = {isa = PBXFileReference; lastKnownFileType = sourcecode.c.h; path = SFBLEDevice.h; sourceTree = "<group>"; };
		7879E3C12418EF41003AA8DF /* SFBLEData.h */ = {isa = PBXFileReference; lastKnownFileType = sourcecode.c.h; path = SFBLEData.h; sourceTree = "<group>"; };
		7879E3C22418EF41003AA8DF /* SFBLEClient.h */ = {isa = PBXFileReference; lastKnownFileType = sourcecode.c.h; path = SFBLEClient.h; sourceTree = "<group>"; };
		7879E3C32418EF6C003AA8DF /* BLE-Scanner-Bridging-Header.h */ = {isa = PBXFileReference; lastKnownFileType = sourcecode.c.h; path = "BLE-Scanner-Bridging-Header.h"; sourceTree = "<group>"; };
		7879E3C42418EF6C003AA8DF /* SharingBLEHandler.h */ = {isa = PBXFileReference; lastKnownFileType = sourcecode.c.h; path = SharingBLEHandler.h; sourceTree = "<group>"; };
		7879E3C52418EF6C003AA8DF /* SharingBLEHandler.m */ = {isa = PBXFileReference; lastKnownFileType = sourcecode.c.objc; path = SharingBLEHandler.m; sourceTree = "<group>"; };
		7879E3CA2418FF8B003AA8DF /* BluetoothDevice.h */ = {isa = PBXFileReference; lastKnownFileType = sourcecode.c.h; path = BluetoothDevice.h; sourceTree = "<group>"; };
		787D6F5A241BB8FD00AB7AB3 /* AWDLServiceDetailView.swift */ = {isa = PBXFileReference; lastKnownFileType = sourcecode.swift; path = AWDLServiceDetailView.swift; sourceTree = "<group>"; };
		787D6F75241BC91D00AB7AB3 /* DetailWindowController.swift */ = {isa = PBXFileReference; lastKnownFileType = sourcecode.swift; path = DetailWindowController.swift; sourceTree = "<group>"; };
		787D6F78241BD1D600AB7AB3 /* Model.swift */ = {isa = PBXFileReference; lastKnownFileType = sourcecode.swift; path = Model.swift; sourceTree = "<group>"; };
		787D6F7A241BD63E00AB7AB3 /* ModelSceneDelegate.swift */ = {isa = PBXFileReference; lastKnownFileType = sourcecode.swift; path = ModelSceneDelegate.swift; sourceTree = "<group>"; };
		787F4FFF2424B2BD005861EE /* RSSIPlots.swift */ = {isa = PBXFileReference; lastKnownFileType = sourcecode.swift; path = RSSIPlots.swift; sourceTree = "<group>"; };
		7888CFDD242DFAB900A2C971 /* ActivitySpinner.swift */ = {isa = PBXFileReference; lastKnownFileType = sourcecode.swift; path = ActivitySpinner.swift; sourceTree = "<group>"; };
		7888CFE2242E04D600A2C971 /* BlurView.swift */ = {isa = PBXFileReference; lastKnownFileType = sourcecode.swift; path = BlurView.swift; sourceTree = "<group>"; };
		7888CFE4242E550F00A2C971 /* ConnectingView.swift */ = {isa = PBXFileReference; lastKnownFileType = sourcecode.swift; path = ConnectingView.swift; sourceTree = "<group>"; };
		788D9881240D435C005FC745 /* BLE-Scanner.app */ = {isa = PBXFileReference; explicitFileType = wrapper.application; includeInIndex = 0; path = "BLE-Scanner.app"; sourceTree = BUILT_PRODUCTS_DIR; };
		788D9884240D435C005FC745 /* AppDelegate.swift */ = {isa = PBXFileReference; lastKnownFileType = sourcecode.swift; path = AppDelegate.swift; sourceTree = "<group>"; };
		788D9886240D435C005FC745 /* SceneDelegate.swift */ = {isa = PBXFileReference; lastKnownFileType = sourcecode.swift; path = SceneDelegate.swift; sourceTree = "<group>"; };
		788D9888240D435C005FC745 /* DeviceListView.swift */ = {isa = PBXFileReference; lastKnownFileType = sourcecode.swift; path = DeviceListView.swift; sourceTree = "<group>"; };
		788D988A240D435E005FC745 /* Assets.xcassets */ = {isa = PBXFileReference; lastKnownFileType = folder.assetcatalog; path = Assets.xcassets; sourceTree = "<group>"; };
		788D988D240D435E005FC745 /* Preview Assets.xcassets */ = {isa = PBXFileReference; lastKnownFileType = folder.assetcatalog; path = "Preview Assets.xcassets"; sourceTree = "<group>"; };
		788D9890240D435E005FC745 /* Base */ = {isa = PBXFileReference; lastKnownFileType = file.storyboard; name = Base; path = Base.lproj/LaunchScreen.storyboard; sourceTree = "<group>"; };
		788D9892240D435E005FC745 /* Info.plist */ = {isa = PBXFileReference; lastKnownFileType = text.plist.xml; path = Info.plist; sourceTree = "<group>"; };
		788D9897240D435E005FC745 /* BLE-ScannerTests.xctest */ = {isa = PBXFileReference; explicitFileType = wrapper.cfbundle; includeInIndex = 0; path = "BLE-ScannerTests.xctest"; sourceTree = BUILT_PRODUCTS_DIR; };
		788D989B240D435E005FC745 /* BLE_ScannerTests.swift */ = {isa = PBXFileReference; lastKnownFileType = sourcecode.swift; path = BLE_ScannerTests.swift; sourceTree = "<group>"; };
		788D989D240D435E005FC745 /* Info.plist */ = {isa = PBXFileReference; lastKnownFileType = text.plist.xml; path = Info.plist; sourceTree = "<group>"; };
		788D98A2240D435E005FC745 /* BLE-ScannerUITests.xctest */ = {isa = PBXFileReference; explicitFileType = wrapper.cfbundle; includeInIndex = 0; path = "BLE-ScannerUITests.xctest"; sourceTree = BUILT_PRODUCTS_DIR; };
		788D98A6240D435E005FC745 /* BLE_ScannerUITests.swift */ = {isa = PBXFileReference; lastKnownFileType = sourcecode.swift; path = BLE_ScannerUITests.swift; sourceTree = "<group>"; };
		788D98A8240D435E005FC745 /* Info.plist */ = {isa = PBXFileReference; lastKnownFileType = text.plist.xml; path = Info.plist; sourceTree = "<group>"; };
		788D98E4240D561E005FC745 /* en */ = {isa = PBXFileReference; lastKnownFileType = text.plist.strings; name = en; path = en.lproj/Localizable.strings; sourceTree = "<group>"; };
		78A43B0A2437922100319BD8 /* AdvertisementManudfacturerDataView.swift */ = {isa = PBXFileReference; lastKnownFileType = sourcecode.swift; path = AdvertisementManudfacturerDataView.swift; sourceTree = "<group>"; };
		78A771322421272F00EF3E0C /* BLE-Scanner-JB.entitlements */ = {isa = PBXFileReference; lastKnownFileType = text.plist.entitlements; path = "BLE-Scanner-JB.entitlements"; sourceTree = "<group>"; };
		78A771562421274700EF3E0C /* BLE-Scanner JB.app */ = {isa = PBXFileReference; explicitFileType = wrapper.application; includeInIndex = 0; path = "BLE-Scanner JB.app"; sourceTree = BUILT_PRODUCTS_DIR; };
		78A771572421274700EF3E0C /* BLE-Scanner copy-Info.plist */ = {isa = PBXFileReference; lastKnownFileType = text.plist.xml; name = "BLE-Scanner copy-Info.plist"; path = "/Users/seemoo/Work/Research/BLEScanner/Projects/BLE-Scanner/BLE-Scanner copy-Info.plist"; sourceTree = "<absolute>"; };
		78A7715824212A6200EF3E0C /* RecordAdvertisementsView.swift */ = {isa = PBXFileReference; lastKnownFileType = sourcecode.swift; path = RecordAdvertisementsView.swift; sourceTree = "<group>"; };
		78B8661B240FE43F003761D0 /* README.md */ = {isa = PBXFileReference; lastKnownFileType = net.daringfireball.markdown; path = README.md; sourceTree = "<group>"; };
		78B8661F24123C80003761D0 /* ManfucaturerSelection.swift */ = {isa = PBXFileReference; lastKnownFileType = sourcecode.swift; path = ManfucaturerSelection.swift; sourceTree = "<group>"; };
		78D86E45240D81D400E718BF /* CoreBluetoothTests.swift */ = {isa = PBXFileReference; lastKnownFileType = sourcecode.swift; path = CoreBluetoothTests.swift; sourceTree = "<group>"; };
		78EFB97B242277A000C4A6B8 /* SettingsView.swift */ = {isa = PBXFileReference; lastKnownFileType = sourcecode.swift; path = SettingsView.swift; sourceTree = "<group>"; };
/* End PBXFileReference section */

/* Begin PBXFrameworksBuildPhase section */
		788D987E240D435C005FC745 /* Frameworks */ = {
			isa = PBXFrameworksBuildPhase;
			buildActionMask = 2147483647;
			files = (
				7823683124210AEE00406CEE /* BLETools in Frameworks */,
				782354EA241A534500F11D6B /* AWDLScanner in Frameworks */,
			);
			runOnlyForDeploymentPostprocessing = 0;
		};
		788D9894240D435E005FC745 /* Frameworks */ = {
			isa = PBXFrameworksBuildPhase;
			buildActionMask = 2147483647;
			files = (
			);
			runOnlyForDeploymentPostprocessing = 0;
		};
		788D989F240D435E005FC745 /* Frameworks */ = {
			isa = PBXFrameworksBuildPhase;
			buildActionMask = 2147483647;
			files = (
			);
			runOnlyForDeploymentPostprocessing = 0;
		};
		78A7714A2421274700EF3E0C /* Frameworks */ = {
			isa = PBXFrameworksBuildPhase;
			buildActionMask = 2147483647;
			files = (
				78A7714B2421274700EF3E0C /* BLETools in Frameworks */,
				78A7714C2421274700EF3E0C /* AWDLScanner in Frameworks */,
			);
			runOnlyForDeploymentPostprocessing = 0;
		};
/* End PBXFrameworksBuildPhase section */

/* Begin PBXGroup section */
		78236829241F884100406CEE /* UIKitRepresentable */ = {
			isa = PBXGroup;
			children = (
				7852D37E241BE20D00AA1B96 /* ActivityView.swift */,
				7823682A241F885A00406CEE /* DocumentPickerView.swift */,
				7888CFDD242DFAB900A2C971 /* ActivitySpinner.swift */,
				7888CFE2242E04D600A2C971 /* BlurView.swift */,
			);
			path = UIKitRepresentable;
			sourceTree = "<group>";
		};
		7823682C2420C27800406CEE /* SupportingViews */ = {
			isa = PBXGroup;
			children = (
				7823682D2420C29600406CEE /* PopoverSheet.swift */,
				786A383324339CAB00608FAB /* iPadActionSheet.swift */,
				7874249E24378C7B00F06B90 /* ColorExtension.swift */,
			);
			path = SupportingViews;
			sourceTree = "<group>";
		};
		7838954A241A55EF008248CA /* Views */ = {
			isa = PBXGroup;
			children = (
				788D9888240D435C005FC745 /* DeviceListView.swift */,
				78232033240E7D7B00D4FDE3 /* DeviceDetailView.swift */,
				78232039240EBB4500D4FDE3 /* EnvironmentScanner.swift */,
				78232037240EA8B900D4FDE3 /* MainView.swift */,
				7838954B241A5625008248CA /* AWDLScannerView.swift */,
				787D6F5A241BB8FD00AB7AB3 /* AWDLServiceDetailView.swift */,
				787D6F75241BC91D00AB7AB3 /* DetailWindowController.swift */,
				78B8661F24123C80003761D0 /* ManfucaturerSelection.swift */,
				7879E3BA2417EB23003AA8DF /* AdvertisementTypeFilterView.swift */,
				78A7715824212A6200EF3E0C /* RecordAdvertisementsView.swift */,
				787F4FFF2424B2BD005861EE /* RSSIPlots.swift */,
				78EFB97B242277A000C4A6B8 /* SettingsView.swift */,
				7888CFE4242E550F00A2C971 /* ConnectingView.swift */,
				7823682C2420C27800406CEE /* SupportingViews */,
				7874249A2437870100F06B90 /* AdvertisementViews */,
				78236829241F884100406CEE /* UIKitRepresentable */,
			);
			path = Views;
			sourceTree = "<group>";
		};
		7874249A2437870100F06B90 /* AdvertisementViews */ = {
			isa = PBXGroup;
			children = (
				7874249B2437874D00F06B90 /* AdvertisementRow.swift */,
				78A43B0A2437922100319BD8 /* AdvertisementManudfacturerDataView.swift */,
			);
			path = AdvertisementViews;
			sourceTree = "<group>";
		};
		7879E3BD2418EE7A003AA8DF /* SFBLE */ = {
			isa = PBXGroup;
			children = (
				7879E3BE2418EF05003AA8DF /* PrivateHeaders */,
				7879E3C42418EF6C003AA8DF /* SharingBLEHandler.h */,
				7879E3C52418EF6C003AA8DF /* SharingBLEHandler.m */,
				7879E3C32418EF6C003AA8DF /* BLE-Scanner-Bridging-Header.h */,
			);
			path = SFBLE;
			sourceTree = "<group>";
		};
		7879E3BE2418EF05003AA8DF /* PrivateHeaders */ = {
			isa = PBXGroup;
			children = (
				7879E3CA2418FF8B003AA8DF /* BluetoothDevice.h */,
				7879E3C22418EF41003AA8DF /* SFBLEClient.h */,
				7879E3C12418EF41003AA8DF /* SFBLEData.h */,
				7879E3C02418EF40003AA8DF /* SFBLEDevice.h */,
				7879E3BF2418EF40003AA8DF /* SFBLEScanner.h */,
			);
			path = PrivateHeaders;
			sourceTree = "<group>";
		};
		7888CFDF242DFE3400A2C971 /* Extension */ = {
			isa = PBXGroup;
			children = (
			);
			path = Extension;
			sourceTree = "<group>";
		};
		788D9878240D435C005FC745 = {
			isa = PBXGroup;
			children = (
				78B8661B240FE43F003761D0 /* README.md */,
				788D9883240D435C005FC745 /* BLE-Scanner */,
				788D989A240D435E005FC745 /* BLE-ScannerTests */,
				788D98A5240D435E005FC745 /* BLE-ScannerUITests */,
				788D9882240D435C005FC745 /* Products */,
				78A771572421274700EF3E0C /* BLE-Scanner copy-Info.plist */,
			);
			sourceTree = "<group>";
		};
		788D9882240D435C005FC745 /* Products */ = {
			isa = PBXGroup;
			children = (
				788D9881240D435C005FC745 /* BLE-Scanner.app */,
				788D9897240D435E005FC745 /* BLE-ScannerTests.xctest */,
				788D98A2240D435E005FC745 /* BLE-ScannerUITests.xctest */,
				78A771562421274700EF3E0C /* BLE-Scanner JB.app */,
			);
			name = Products;
			sourceTree = "<group>";
		};
		788D9883240D435C005FC745 /* BLE-Scanner */ = {
			isa = PBXGroup;
			children = (
				78A771322421272F00EF3E0C /* BLE-Scanner-JB.entitlements */,
				7823202E240E771200D4FDE3 /* BLE-Scanner.entitlements */,
				788D9884240D435C005FC745 /* AppDelegate.swift */,
				787D6F78241BD1D600AB7AB3 /* Model.swift */,
				788D9886240D435C005FC745 /* SceneDelegate.swift */,
				787D6F7A241BD63E00AB7AB3 /* ModelSceneDelegate.swift */,
				7838954A241A55EF008248CA /* Views */,
				788D988A240D435E005FC745 /* Assets.xcassets */,
				788D988F240D435E005FC745 /* LaunchScreen.storyboard */,
				788D9892240D435E005FC745 /* Info.plist */,
				7888CFDF242DFE3400A2C971 /* Extension */,
				7879E3BD2418EE7A003AA8DF /* SFBLE */,
				788D988C240D435E005FC745 /* Preview Content */,
				788D98E5240D561E005FC745 /* Localizable.strings */,
			);
			path = "BLE-Scanner";
			sourceTree = "<group>";
		};
		788D988C240D435E005FC745 /* Preview Content */ = {
			isa = PBXGroup;
			children = (
				788D988D240D435E005FC745 /* Preview Assets.xcassets */,
			);
			path = "Preview Content";
			sourceTree = "<group>";
		};
		788D989A240D435E005FC745 /* BLE-ScannerTests */ = {
			isa = PBXGroup;
			children = (
				788D989B240D435E005FC745 /* BLE_ScannerTests.swift */,
				78D86E45240D81D400E718BF /* CoreBluetoothTests.swift */,
				788D989D240D435E005FC745 /* Info.plist */,
			);
			path = "BLE-ScannerTests";
			sourceTree = "<group>";
		};
		788D98A5240D435E005FC745 /* BLE-ScannerUITests */ = {
			isa = PBXGroup;
			children = (
				788D98A6240D435E005FC745 /* BLE_ScannerUITests.swift */,
				788D98A8240D435E005FC745 /* Info.plist */,
			);
			path = "BLE-ScannerUITests";
			sourceTree = "<group>";
		};
/* End PBXGroup section */

/* Begin PBXNativeTarget section */
		788D9880240D435C005FC745 /* BLE-Scanner */ = {
			isa = PBXNativeTarget;
			buildConfigurationList = 788D98AB240D435E005FC745 /* Build configuration list for PBXNativeTarget "BLE-Scanner" */;
			buildPhases = (
				788D987D240D435C005FC745 /* Sources */,
				788D987E240D435C005FC745 /* Frameworks */,
				788D987F240D435C005FC745 /* Resources */,
			);
			buildRules = (
			);
			dependencies = (
			);
			name = "BLE-Scanner";
			packageProductDependencies = (
				782354E9241A534500F11D6B /* AWDLScanner */,
				7823683024210AEE00406CEE /* BLETools */,
			);
			productName = "BLE-Scanner";
			productReference = 788D9881240D435C005FC745 /* BLE-Scanner.app */;
			productType = "com.apple.product-type.application";
		};
		788D9896240D435E005FC745 /* BLE-ScannerTests */ = {
			isa = PBXNativeTarget;
			buildConfigurationList = 788D98AE240D435E005FC745 /* Build configuration list for PBXNativeTarget "BLE-ScannerTests" */;
			buildPhases = (
				788D9893240D435E005FC745 /* Sources */,
				788D9894240D435E005FC745 /* Frameworks */,
				788D9895240D435E005FC745 /* Resources */,
			);
			buildRules = (
			);
			dependencies = (
				788D9899240D435E005FC745 /* PBXTargetDependency */,
			);
			name = "BLE-ScannerTests";
			productName = "BLE-ScannerTests";
			productReference = 788D9897240D435E005FC745 /* BLE-ScannerTests.xctest */;
			productType = "com.apple.product-type.bundle.unit-test";
		};
		788D98A1240D435E005FC745 /* BLE-ScannerUITests */ = {
			isa = PBXNativeTarget;
			buildConfigurationList = 788D98B1240D435E005FC745 /* Build configuration list for PBXNativeTarget "BLE-ScannerUITests" */;
			buildPhases = (
				788D989E240D435E005FC745 /* Sources */,
				788D989F240D435E005FC745 /* Frameworks */,
				788D98A0240D435E005FC745 /* Resources */,
			);
			buildRules = (
			);
			dependencies = (
				788D98A4240D435E005FC745 /* PBXTargetDependency */,
			);
			name = "BLE-ScannerUITests";
			productName = "BLE-ScannerUITests";
			productReference = 788D98A2240D435E005FC745 /* BLE-ScannerUITests.xctest */;
			productType = "com.apple.product-type.bundle.ui-testing";
		};
		78A771332421274700EF3E0C /* BLE-Scanner JB */ = {
			isa = PBXNativeTarget;
			buildConfigurationList = 78A771532421274700EF3E0C /* Build configuration list for PBXNativeTarget "BLE-Scanner JB" */;
			buildPhases = (
				78A771382421274700EF3E0C /* Sources */,
				78A7714A2421274700EF3E0C /* Frameworks */,
				78A7714D2421274700EF3E0C /* Resources */,
			);
			buildRules = (
			);
			dependencies = (
			);
			name = "BLE-Scanner JB";
			packageProductDependencies = (
				78A771342421274700EF3E0C /* AWDLScanner */,
				78A771362421274700EF3E0C /* BLETools */,
			);
			productName = "BLE-Scanner";
			productReference = 78A771562421274700EF3E0C /* BLE-Scanner JB.app */;
			productType = "com.apple.product-type.application";
		};
/* End PBXNativeTarget section */

/* Begin PBXProject section */
		788D9879240D435C005FC745 /* Project object */ = {
			isa = PBXProject;
			attributes = {
				LastSwiftUpdateCheck = 1130;
				LastUpgradeCheck = 1130;
				ORGANIZATIONNAME = "SEEMOO - TU Darmstadt";
				TargetAttributes = {
					788D9880240D435C005FC745 = {
						CreatedOnToolsVersion = 11.3.1;
						LastSwiftMigration = 1140;
					};
					788D9896240D435E005FC745 = {
						CreatedOnToolsVersion = 11.3.1;
						TestTargetID = 788D9880240D435C005FC745;
					};
					788D98A1240D435E005FC745 = {
						CreatedOnToolsVersion = 11.3.1;
						TestTargetID = 788D9880240D435C005FC745;
					};
				};
			};
			buildConfigurationList = 788D987C240D435C005FC745 /* Build configuration list for PBXProject "BLE-Scanner" */;
			compatibilityVersion = "Xcode 9.3";
			developmentRegion = en;
			hasScannedForEncodings = 0;
			knownRegions = (
				en,
				Base,
			);
			mainGroup = 788D9878240D435C005FC745;
			packageReferences = (
				782354E8241A534500F11D6B /* XCRemoteSwiftPackageReference "awdlscanner" */,
				7823682F24210AEE00406CEE /* XCRemoteSwiftPackageReference "bletools" */,
			);
			productRefGroup = 788D9882240D435C005FC745 /* Products */;
			projectDirPath = "";
			projectRoot = "";
			targets = (
				788D9880240D435C005FC745 /* BLE-Scanner */,
				78A771332421274700EF3E0C /* BLE-Scanner JB */,
				788D9896240D435E005FC745 /* BLE-ScannerTests */,
				788D98A1240D435E005FC745 /* BLE-ScannerUITests */,
			);
		};
/* End PBXProject section */

/* Begin PBXResourcesBuildPhase section */
		788D987F240D435C005FC745 /* Resources */ = {
			isa = PBXResourcesBuildPhase;
			buildActionMask = 2147483647;
			files = (
				788D9891240D435E005FC745 /* LaunchScreen.storyboard in Resources */,
				788D98E3240D561E005FC745 /* Localizable.strings in Resources */,
				78B8661C240FE43F003761D0 /* README.md in Resources */,
				788D988E240D435E005FC745 /* Preview Assets.xcassets in Resources */,
				788D988B240D435E005FC745 /* Assets.xcassets in Resources */,
			);
			runOnlyForDeploymentPostprocessing = 0;
		};
		788D9895240D435E005FC745 /* Resources */ = {
			isa = PBXResourcesBuildPhase;
			buildActionMask = 2147483647;
			files = (
			);
			runOnlyForDeploymentPostprocessing = 0;
		};
		788D98A0240D435E005FC745 /* Resources */ = {
			isa = PBXResourcesBuildPhase;
			buildActionMask = 2147483647;
			files = (
			);
			runOnlyForDeploymentPostprocessing = 0;
		};
		78A7714D2421274700EF3E0C /* Resources */ = {
			isa = PBXResourcesBuildPhase;
			buildActionMask = 2147483647;
			files = (
				78A7714E2421274700EF3E0C /* LaunchScreen.storyboard in Resources */,
				78A7714F2421274700EF3E0C /* Localizable.strings in Resources */,
				78A771502421274700EF3E0C /* README.md in Resources */,
				78A771512421274700EF3E0C /* Preview Assets.xcassets in Resources */,
				78A771522421274700EF3E0C /* Assets.xcassets in Resources */,
			);
			runOnlyForDeploymentPostprocessing = 0;
		};
/* End PBXResourcesBuildPhase section */

/* Begin PBXSourcesBuildPhase section */
		788D987D240D435C005FC745 /* Sources */ = {
			isa = PBXSourcesBuildPhase;
			buildActionMask = 2147483647;
			files = (
				7879E3BB2417EB23003AA8DF /* AdvertisementTypeFilterView.swift in Sources */,
				788D9885240D435C005FC745 /* AppDelegate.swift in Sources */,
				78232038240EA8BA00D4FDE3 /* MainView.swift in Sources */,
				787D6F5B241BB8FD00AB7AB3 /* AWDLServiceDetailView.swift in Sources */,
				7838954C241A5625008248CA /* AWDLScannerView.swift in Sources */,
				7823203A240EBB4500D4FDE3 /* EnvironmentScanner.swift in Sources */,
				787D6F79241BD1D600AB7AB3 /* Model.swift in Sources */,
				788D9887240D435C005FC745 /* SceneDelegate.swift in Sources */,
				7852D37F241BE20D00AA1B96 /* ActivityView.swift in Sources */,
				78A7715924212A6200EF3E0C /* RecordAdvertisementsView.swift in Sources */,
				78232034240E7D7B00D4FDE3 /* DeviceDetailView.swift in Sources */,
				787D6F7B241BD63E00AB7AB3 /* ModelSceneDelegate.swift in Sources */,
				7823682B241F885A00406CEE /* DocumentPickerView.swift in Sources */,
				7879E3C62418EF6C003AA8DF /* SharingBLEHandler.m in Sources */,
				7888CFE5242E550F00A2C971 /* ConnectingView.swift in Sources */,
				78B8662024123C80003761D0 /* ManfucaturerSelection.swift in Sources */,
				7888CFE3242E04D600A2C971 /* BlurView.swift in Sources */,
				7874249C2437874D00F06B90 /* AdvertisementRow.swift in Sources */,
				7823682E2420C29600406CEE /* PopoverSheet.swift in Sources */,
				787D6F76241BC91D00AB7AB3 /* DetailWindowController.swift in Sources */,
				787F50002424B2BD005861EE /* RSSIPlots.swift in Sources */,
				7888CFDE242DFAB900A2C971 /* ActivitySpinner.swift in Sources */,
				786A383424339CAB00608FAB /* iPadActionSheet.swift in Sources */,
				788D9889240D435C005FC745 /* DeviceListView.swift in Sources */,
				78EFB97C242277A000C4A6B8 /* SettingsView.swift in Sources */,
				7874249F24378C7B00F06B90 /* ColorExtension.swift in Sources */,
				78A43B0B2437922100319BD8 /* AdvertisementManudfacturerDataView.swift in Sources */,
			);
			runOnlyForDeploymentPostprocessing = 0;
		};
		788D9893240D435E005FC745 /* Sources */ = {
			isa = PBXSourcesBuildPhase;
			buildActionMask = 2147483647;
			files = (
				788D989C240D435E005FC745 /* BLE_ScannerTests.swift in Sources */,
				78D86E46240D81D400E718BF /* CoreBluetoothTests.swift in Sources */,
			);
			runOnlyForDeploymentPostprocessing = 0;
		};
		788D989E240D435E005FC745 /* Sources */ = {
			isa = PBXSourcesBuildPhase;
			buildActionMask = 2147483647;
			files = (
				788D98A7240D435E005FC745 /* BLE_ScannerUITests.swift in Sources */,
			);
			runOnlyForDeploymentPostprocessing = 0;
		};
		78A771382421274700EF3E0C /* Sources */ = {
			isa = PBXSourcesBuildPhase;
			buildActionMask = 2147483647;
			files = (
				78A771392421274700EF3E0C /* AdvertisementTypeFilterView.swift in Sources */,
				78A7713A2421274700EF3E0C /* AppDelegate.swift in Sources */,
				78A7713B2421274700EF3E0C /* MainView.swift in Sources */,
				78A7713C2421274700EF3E0C /* AWDLServiceDetailView.swift in Sources */,
				78A7713D2421274700EF3E0C /* AWDLScannerView.swift in Sources */,
				78A7713E2421274700EF3E0C /* EnvironmentScanner.swift in Sources */,
				78A7713F2421274700EF3E0C /* Model.swift in Sources */,
				78A771402421274700EF3E0C /* SceneDelegate.swift in Sources */,
				78A771412421274700EF3E0C /* ActivityView.swift in Sources */,
				78A771422421274700EF3E0C /* DeviceDetailView.swift in Sources */,
				78A771432421274700EF3E0C /* ModelSceneDelegate.swift in Sources */,
				78A771442421274700EF3E0C /* DocumentPickerView.swift in Sources */,
				78A771452421274700EF3E0C /* SharingBLEHandler.m in Sources */,
				78A771462421274700EF3E0C /* ManfucaturerSelection.swift in Sources */,
				78A771472421274700EF3E0C /* PopoverSheet.swift in Sources */,
				78A771482421274700EF3E0C /* DetailWindowController.swift in Sources */,
				78A771492421274700EF3E0C /* DeviceListView.swift in Sources */,
			);
			runOnlyForDeploymentPostprocessing = 0;
		};
/* End PBXSourcesBuildPhase section */

/* Begin PBXTargetDependency section */
		788D9899240D435E005FC745 /* PBXTargetDependency */ = {
			isa = PBXTargetDependency;
			target = 788D9880240D435C005FC745 /* BLE-Scanner */;
			targetProxy = 788D9898240D435E005FC745 /* PBXContainerItemProxy */;
		};
		788D98A4240D435E005FC745 /* PBXTargetDependency */ = {
			isa = PBXTargetDependency;
			target = 788D9880240D435C005FC745 /* BLE-Scanner */;
			targetProxy = 788D98A3240D435E005FC745 /* PBXContainerItemProxy */;
		};
/* End PBXTargetDependency section */

/* Begin PBXVariantGroup section */
		788D988F240D435E005FC745 /* LaunchScreen.storyboard */ = {
			isa = PBXVariantGroup;
			children = (
				788D9890240D435E005FC745 /* Base */,
			);
			name = LaunchScreen.storyboard;
			sourceTree = "<group>";
		};
		788D98E5240D561E005FC745 /* Localizable.strings */ = {
			isa = PBXVariantGroup;
			children = (
				788D98E4240D561E005FC745 /* en */,
			);
			name = Localizable.strings;
			sourceTree = "<group>";
		};
/* End PBXVariantGroup section */

/* Begin XCBuildConfiguration section */
		788D98A9240D435E005FC745 /* Debug */ = {
			isa = XCBuildConfiguration;
			buildSettings = {
				ALWAYS_SEARCH_USER_PATHS = NO;
				CLANG_ANALYZER_NONNULL = YES;
				CLANG_ANALYZER_NUMBER_OBJECT_CONVERSION = YES_AGGRESSIVE;
				CLANG_CXX_LANGUAGE_STANDARD = "gnu++14";
				CLANG_CXX_LIBRARY = "libc++";
				CLANG_ENABLE_MODULES = YES;
				CLANG_ENABLE_OBJC_ARC = YES;
				CLANG_ENABLE_OBJC_WEAK = YES;
				CLANG_WARN_BLOCK_CAPTURE_AUTORELEASING = YES;
				CLANG_WARN_BOOL_CONVERSION = YES;
				CLANG_WARN_COMMA = YES;
				CLANG_WARN_CONSTANT_CONVERSION = YES;
				CLANG_WARN_DEPRECATED_OBJC_IMPLEMENTATIONS = YES;
				CLANG_WARN_DIRECT_OBJC_ISA_USAGE = YES_ERROR;
				CLANG_WARN_DOCUMENTATION_COMMENTS = YES;
				CLANG_WARN_EMPTY_BODY = YES;
				CLANG_WARN_ENUM_CONVERSION = YES;
				CLANG_WARN_INFINITE_RECURSION = YES;
				CLANG_WARN_INT_CONVERSION = YES;
				CLANG_WARN_NON_LITERAL_NULL_CONVERSION = YES;
				CLANG_WARN_OBJC_IMPLICIT_RETAIN_SELF = YES;
				CLANG_WARN_OBJC_LITERAL_CONVERSION = YES;
				CLANG_WARN_OBJC_ROOT_CLASS = YES_ERROR;
				CLANG_WARN_RANGE_LOOP_ANALYSIS = YES;
				CLANG_WARN_STRICT_PROTOTYPES = YES;
				CLANG_WARN_SUSPICIOUS_MOVE = YES;
				CLANG_WARN_UNGUARDED_AVAILABILITY = YES_AGGRESSIVE;
				CLANG_WARN_UNREACHABLE_CODE = YES;
				CLANG_WARN__DUPLICATE_METHOD_MATCH = YES;
				COPY_PHASE_STRIP = NO;
				DEBUG_INFORMATION_FORMAT = dwarf;
				ENABLE_STRICT_OBJC_MSGSEND = YES;
				ENABLE_TESTABILITY = YES;
				GCC_C_LANGUAGE_STANDARD = gnu11;
				GCC_DYNAMIC_NO_PIC = NO;
				GCC_NO_COMMON_BLOCKS = YES;
				GCC_OPTIMIZATION_LEVEL = 0;
				GCC_PREPROCESSOR_DEFINITIONS = (
					"DEBUG=1",
					"$(inherited)",
				);
				GCC_WARN_64_TO_32_BIT_CONVERSION = YES;
				GCC_WARN_ABOUT_RETURN_TYPE = YES_ERROR;
				GCC_WARN_UNDECLARED_SELECTOR = YES;
				GCC_WARN_UNINITIALIZED_AUTOS = YES_AGGRESSIVE;
				GCC_WARN_UNUSED_FUNCTION = YES;
				GCC_WARN_UNUSED_VARIABLE = YES;
				IPHONEOS_DEPLOYMENT_TARGET = 13.2;
				MTL_ENABLE_DEBUG_INFO = INCLUDE_SOURCE;
				MTL_FAST_MATH = YES;
				ONLY_ACTIVE_ARCH = YES;
				SDKROOT = iphoneos;
				SWIFT_ACTIVE_COMPILATION_CONDITIONS = DEBUG;
				SWIFT_OPTIMIZATION_LEVEL = "-Onone";
			};
			name = Debug;
		};
		788D98AA240D435E005FC745 /* Release */ = {
			isa = XCBuildConfiguration;
			buildSettings = {
				ALWAYS_SEARCH_USER_PATHS = NO;
				CLANG_ANALYZER_NONNULL = YES;
				CLANG_ANALYZER_NUMBER_OBJECT_CONVERSION = YES_AGGRESSIVE;
				CLANG_CXX_LANGUAGE_STANDARD = "gnu++14";
				CLANG_CXX_LIBRARY = "libc++";
				CLANG_ENABLE_MODULES = YES;
				CLANG_ENABLE_OBJC_ARC = YES;
				CLANG_ENABLE_OBJC_WEAK = YES;
				CLANG_WARN_BLOCK_CAPTURE_AUTORELEASING = YES;
				CLANG_WARN_BOOL_CONVERSION = YES;
				CLANG_WARN_COMMA = YES;
				CLANG_WARN_CONSTANT_CONVERSION = YES;
				CLANG_WARN_DEPRECATED_OBJC_IMPLEMENTATIONS = YES;
				CLANG_WARN_DIRECT_OBJC_ISA_USAGE = YES_ERROR;
				CLANG_WARN_DOCUMENTATION_COMMENTS = YES;
				CLANG_WARN_EMPTY_BODY = YES;
				CLANG_WARN_ENUM_CONVERSION = YES;
				CLANG_WARN_INFINITE_RECURSION = YES;
				CLANG_WARN_INT_CONVERSION = YES;
				CLANG_WARN_NON_LITERAL_NULL_CONVERSION = YES;
				CLANG_WARN_OBJC_IMPLICIT_RETAIN_SELF = YES;
				CLANG_WARN_OBJC_LITERAL_CONVERSION = YES;
				CLANG_WARN_OBJC_ROOT_CLASS = YES_ERROR;
				CLANG_WARN_RANGE_LOOP_ANALYSIS = YES;
				CLANG_WARN_STRICT_PROTOTYPES = YES;
				CLANG_WARN_SUSPICIOUS_MOVE = YES;
				CLANG_WARN_UNGUARDED_AVAILABILITY = YES_AGGRESSIVE;
				CLANG_WARN_UNREACHABLE_CODE = YES;
				CLANG_WARN__DUPLICATE_METHOD_MATCH = YES;
				COPY_PHASE_STRIP = NO;
				DEBUG_INFORMATION_FORMAT = "dwarf-with-dsym";
				ENABLE_NS_ASSERTIONS = NO;
				ENABLE_STRICT_OBJC_MSGSEND = YES;
				GCC_C_LANGUAGE_STANDARD = gnu11;
				GCC_NO_COMMON_BLOCKS = YES;
				GCC_WARN_64_TO_32_BIT_CONVERSION = YES;
				GCC_WARN_ABOUT_RETURN_TYPE = YES_ERROR;
				GCC_WARN_UNDECLARED_SELECTOR = YES;
				GCC_WARN_UNINITIALIZED_AUTOS = YES_AGGRESSIVE;
				GCC_WARN_UNUSED_FUNCTION = YES;
				GCC_WARN_UNUSED_VARIABLE = YES;
				IPHONEOS_DEPLOYMENT_TARGET = 13.2;
				MTL_ENABLE_DEBUG_INFO = NO;
				MTL_FAST_MATH = YES;
				SDKROOT = iphoneos;
				SWIFT_COMPILATION_MODE = wholemodule;
				SWIFT_OPTIMIZATION_LEVEL = "-O";
				VALIDATE_PRODUCT = YES;
			};
			name = Release;
		};
		788D98AC240D435E005FC745 /* Debug */ = {
			isa = XCBuildConfiguration;
			buildSettings = {
				ASSETCATALOG_COMPILER_APPICON_NAME = AppIcon;
				CLANG_ENABLE_MODULES = YES;
				CODE_SIGN_ENTITLEMENTS = "BLE-Scanner/BLE-Scanner.entitlements";
				CODE_SIGN_STYLE = Automatic;
				CURRENT_PROJECT_VERSION = 2;
				DEVELOPMENT_ASSET_PATHS = "\"BLE-Scanner/Preview Content\"";
				DEVELOPMENT_TEAM = A5U65N39SD;
				"ENABLE_HARDENED_RUNTIME[sdk=macosx*]" = YES;
				ENABLE_PREVIEWS = YES;
				INFOPLIST_FILE = "BLE-Scanner/Info.plist";
				LD_RUNPATH_SEARCH_PATHS = (
					"$(inherited)",
					"@executable_path/Frameworks",
				);
				PRODUCT_BUNDLE_IDENTIFIER = "de.tu-darmstadt.seemoo.BLE-Scanner";
				PRODUCT_NAME = "$(TARGET_NAME)";
				SUPPORTS_MACCATALYST = YES;
				SWIFT_OBJC_BRIDGING_HEADER = "BLE-Scanner/SFBLE/BLE-Scanner-Bridging-Header.h";
				SWIFT_OPTIMIZATION_LEVEL = "-Onone";
				SWIFT_VERSION = 5.0;
				TARGETED_DEVICE_FAMILY = "1,2";
			};
			name = Debug;
		};
		788D98AD240D435E005FC745 /* Release */ = {
			isa = XCBuildConfiguration;
			buildSettings = {
				ASSETCATALOG_COMPILER_APPICON_NAME = AppIcon;
				CLANG_ENABLE_MODULES = YES;
				CODE_SIGN_ENTITLEMENTS = "BLE-Scanner/BLE-Scanner.entitlements";
				CODE_SIGN_STYLE = Automatic;
				CURRENT_PROJECT_VERSION = 2;
				DEVELOPMENT_ASSET_PATHS = "\"BLE-Scanner/Preview Content\"";
				DEVELOPMENT_TEAM = A5U65N39SD;
				"ENABLE_HARDENED_RUNTIME[sdk=macosx*]" = YES;
				ENABLE_PREVIEWS = YES;
				INFOPLIST_FILE = "BLE-Scanner/Info.plist";
				LD_RUNPATH_SEARCH_PATHS = (
					"$(inherited)",
					"@executable_path/Frameworks",
				);
				PRODUCT_BUNDLE_IDENTIFIER = "de.tu-darmstadt.seemoo.BLE-Scanner";
				PRODUCT_NAME = "$(TARGET_NAME)";
				SUPPORTS_MACCATALYST = YES;
				SWIFT_OBJC_BRIDGING_HEADER = "BLE-Scanner/SFBLE/BLE-Scanner-Bridging-Header.h";
				SWIFT_VERSION = 5.0;
				TARGETED_DEVICE_FAMILY = "1,2";
			};
			name = Release;
		};
		788D98AF240D435E005FC745 /* Debug */ = {
			isa = XCBuildConfiguration;
			buildSettings = {
				ALWAYS_EMBED_SWIFT_STANDARD_LIBRARIES = YES;
				BUNDLE_LOADER = "$(TEST_HOST)";
				CODE_SIGN_STYLE = Automatic;
				DEVELOPMENT_TEAM = A5U65N39SD;
				INFOPLIST_FILE = "BLE-ScannerTests/Info.plist";
				IPHONEOS_DEPLOYMENT_TARGET = 13.2;
				LD_RUNPATH_SEARCH_PATHS = (
					"$(inherited)",
					"@executable_path/Frameworks",
					"@loader_path/Frameworks",
				);
				PRODUCT_BUNDLE_IDENTIFIER = "de.tu-darmstadt.seemoo.BLE-ScannerTests";
				PRODUCT_NAME = "$(TARGET_NAME)";
				SWIFT_VERSION = 5.0;
				TARGETED_DEVICE_FAMILY = "1,2";
				TEST_HOST = "$(BUILT_PRODUCTS_DIR)/BLE-Scanner.app/BLE-Scanner";
			};
			name = Debug;
		};
		788D98B0240D435E005FC745 /* Release */ = {
			isa = XCBuildConfiguration;
			buildSettings = {
				ALWAYS_EMBED_SWIFT_STANDARD_LIBRARIES = YES;
				BUNDLE_LOADER = "$(TEST_HOST)";
				CODE_SIGN_STYLE = Automatic;
				DEVELOPMENT_TEAM = A5U65N39SD;
				INFOPLIST_FILE = "BLE-ScannerTests/Info.plist";
				IPHONEOS_DEPLOYMENT_TARGET = 13.2;
				LD_RUNPATH_SEARCH_PATHS = (
					"$(inherited)",
					"@executable_path/Frameworks",
					"@loader_path/Frameworks",
				);
				PRODUCT_BUNDLE_IDENTIFIER = "de.tu-darmstadt.seemoo.BLE-ScannerTests";
				PRODUCT_NAME = "$(TARGET_NAME)";
				SWIFT_VERSION = 5.0;
				TARGETED_DEVICE_FAMILY = "1,2";
				TEST_HOST = "$(BUILT_PRODUCTS_DIR)/BLE-Scanner.app/BLE-Scanner";
			};
			name = Release;
		};
		788D98B2240D435E005FC745 /* Debug */ = {
			isa = XCBuildConfiguration;
			buildSettings = {
				ALWAYS_EMBED_SWIFT_STANDARD_LIBRARIES = YES;
				CODE_SIGN_STYLE = Automatic;
				DEVELOPMENT_TEAM = A5U65N39SD;
				INFOPLIST_FILE = "BLE-ScannerUITests/Info.plist";
				LD_RUNPATH_SEARCH_PATHS = (
					"$(inherited)",
					"@executable_path/Frameworks",
					"@loader_path/Frameworks",
				);
				PRODUCT_BUNDLE_IDENTIFIER = "de.tu-darmstadt.seemoo.BLE-ScannerUITests";
				PRODUCT_NAME = "$(TARGET_NAME)";
				SWIFT_VERSION = 5.0;
				TARGETED_DEVICE_FAMILY = "1,2";
				TEST_TARGET_NAME = "BLE-Scanner";
			};
			name = Debug;
		};
		788D98B3240D435E005FC745 /* Release */ = {
			isa = XCBuildConfiguration;
			buildSettings = {
				ALWAYS_EMBED_SWIFT_STANDARD_LIBRARIES = YES;
				CODE_SIGN_STYLE = Automatic;
				DEVELOPMENT_TEAM = A5U65N39SD;
				INFOPLIST_FILE = "BLE-ScannerUITests/Info.plist";
				LD_RUNPATH_SEARCH_PATHS = (
					"$(inherited)",
					"@executable_path/Frameworks",
					"@loader_path/Frameworks",
				);
				PRODUCT_BUNDLE_IDENTIFIER = "de.tu-darmstadt.seemoo.BLE-ScannerUITests";
				PRODUCT_NAME = "$(TARGET_NAME)";
				SWIFT_VERSION = 5.0;
				TARGETED_DEVICE_FAMILY = "1,2";
				TEST_TARGET_NAME = "BLE-Scanner";
			};
			name = Release;
		};
		78A771542421274700EF3E0C /* Debug */ = {
			isa = XCBuildConfiguration;
			buildSettings = {
				ASSETCATALOG_COMPILER_APPICON_NAME = AppIcon;
				CLANG_ENABLE_MODULES = YES;
				CODE_SIGN_ENTITLEMENTS = "BLE-Scanner/BLE-Scanner-JB.entitlements";
				CODE_SIGN_STYLE = Manual;
				CURRENT_PROJECT_VERSION = 2;
				DEVELOPMENT_ASSET_PATHS = "\"BLE-Scanner/Preview Content\"";
				DEVELOPMENT_TEAM = "";
				"ENABLE_HARDENED_RUNTIME[sdk=macosx*]" = YES;
				ENABLE_PREVIEWS = YES;
				INFOPLIST_FILE = "BLE-Scanner copy-Info.plist";
				LD_RUNPATH_SEARCH_PATHS = (
					"$(inherited)",
					"@executable_path/Frameworks",
				);
				PRODUCT_BUNDLE_IDENTIFIER = "de.tu-darmstadt.seemoo.BLE-Scanner";
				PRODUCT_NAME = "$(TARGET_NAME)";
				PROVISIONING_PROFILE_SPECIFIER = "";
				"PROVISIONING_PROFILE_SPECIFIER[sdk=macosx*]" = "";
				SUPPORTS_MACCATALYST = YES;
				SWIFT_OBJC_BRIDGING_HEADER = "BLE-Scanner/SFBLE/BLE-Scanner-Bridging-Header.h";
				SWIFT_OPTIMIZATION_LEVEL = "-Onone";
				SWIFT_VERSION = 5.0;
				TARGETED_DEVICE_FAMILY = "1,2";
			};
			name = Debug;
		};
		78A771552421274700EF3E0C /* Release */ = {
			isa = XCBuildConfiguration;
			buildSettings = {
				ASSETCATALOG_COMPILER_APPICON_NAME = AppIcon;
				CLANG_ENABLE_MODULES = YES;
				CODE_SIGN_ENTITLEMENTS = "BLE-Scanner/BLE-Scanner-JB.entitlements";
				CODE_SIGN_STYLE = Manual;
				CURRENT_PROJECT_VERSION = 2;
				DEVELOPMENT_ASSET_PATHS = "\"BLE-Scanner/Preview Content\"";
				DEVELOPMENT_TEAM = "";
				"ENABLE_HARDENED_RUNTIME[sdk=macosx*]" = YES;
				ENABLE_PREVIEWS = YES;
				INFOPLIST_FILE = "BLE-Scanner copy-Info.plist";
				LD_RUNPATH_SEARCH_PATHS = (
					"$(inherited)",
					"@executable_path/Frameworks",
				);
				PRODUCT_BUNDLE_IDENTIFIER = "de.tu-darmstadt.seemoo.BLE-Scanner";
				PRODUCT_NAME = "$(TARGET_NAME)";
				PROVISIONING_PROFILE_SPECIFIER = "";
				"PROVISIONING_PROFILE_SPECIFIER[sdk=macosx*]" = "";
				SUPPORTS_MACCATALYST = YES;
				SWIFT_OBJC_BRIDGING_HEADER = "BLE-Scanner/SFBLE/BLE-Scanner-Bridging-Header.h";
				SWIFT_VERSION = 5.0;
				TARGETED_DEVICE_FAMILY = "1,2";
			};
			name = Release;
		};
/* End XCBuildConfiguration section */

/* Begin XCConfigurationList section */
		788D987C240D435C005FC745 /* Build configuration list for PBXProject "BLE-Scanner" */ = {
			isa = XCConfigurationList;
			buildConfigurations = (
				788D98A9240D435E005FC745 /* Debug */,
				788D98AA240D435E005FC745 /* Release */,
			);
			defaultConfigurationIsVisible = 0;
			defaultConfigurationName = Release;
		};
		788D98AB240D435E005FC745 /* Build configuration list for PBXNativeTarget "BLE-Scanner" */ = {
			isa = XCConfigurationList;
			buildConfigurations = (
				788D98AC240D435E005FC745 /* Debug */,
				788D98AD240D435E005FC745 /* Release */,
			);
			defaultConfigurationIsVisible = 0;
			defaultConfigurationName = Release;
		};
		788D98AE240D435E005FC745 /* Build configuration list for PBXNativeTarget "BLE-ScannerTests" */ = {
			isa = XCConfigurationList;
			buildConfigurations = (
				788D98AF240D435E005FC745 /* Debug */,
				788D98B0240D435E005FC745 /* Release */,
			);
			defaultConfigurationIsVisible = 0;
			defaultConfigurationName = Release;
		};
		788D98B1240D435E005FC745 /* Build configuration list for PBXNativeTarget "BLE-ScannerUITests" */ = {
			isa = XCConfigurationList;
			buildConfigurations = (
				788D98B2240D435E005FC745 /* Debug */,
				788D98B3240D435E005FC745 /* Release */,
			);
			defaultConfigurationIsVisible = 0;
			defaultConfigurationName = Release;
		};
		78A771532421274700EF3E0C /* Build configuration list for PBXNativeTarget "BLE-Scanner JB" */ = {
			isa = XCConfigurationList;
			buildConfigurations = (
				78A771542421274700EF3E0C /* Debug */,
				78A771552421274700EF3E0C /* Release */,
			);
			defaultConfigurationIsVisible = 0;
			defaultConfigurationName = Release;
		};
/* End XCConfigurationList section */

/* Begin XCRemoteSwiftPackageReference section */
		782354E8241A534500F11D6B /* XCRemoteSwiftPackageReference "awdlscanner" */ = {
			isa = XCRemoteSwiftPackageReference;
			repositoryURL = "https://dev.seemoo.tu-darmstadt.de/aheinrich/awdlscanner.git";
			requirement = {
				branch = master;
				kind = branch;
			};
		};
		7823682F24210AEE00406CEE /* XCRemoteSwiftPackageReference "bletools" */ = {
			isa = XCRemoteSwiftPackageReference;
			repositoryURL = "https://dev.seemoo.tu-darmstadt.de/aheinrich/bletools.git";
			requirement = {
				branch = master;
				kind = branch;
			};
		};
		78A771352421274700EF3E0C /* XCRemoteSwiftPackageReference "awdlscanner" */ = {
			isa = XCRemoteSwiftPackageReference;
			repositoryURL = "https://dev.seemoo.tu-darmstadt.de/aheinrich/awdlscanner.git";
			requirement = {
				branch = master;
				kind = branch;
			};
		};
		78A771372421274700EF3E0C /* XCRemoteSwiftPackageReference "bletools" */ = {
			isa = XCRemoteSwiftPackageReference;
			repositoryURL = "https://dev.seemoo.tu-darmstadt.de/aheinrich/bletools.git";
			requirement = {
				branch = master;
				kind = branch;
			};
		};
/* End XCRemoteSwiftPackageReference section */

/* Begin XCSwiftPackageProductDependency section */
		782354E9241A534500F11D6B /* AWDLScanner */ = {
			isa = XCSwiftPackageProductDependency;
			package = 782354E8241A534500F11D6B /* XCRemoteSwiftPackageReference "awdlscanner" */;
			productName = AWDLScanner;
		};
		7823683024210AEE00406CEE /* BLETools */ = {
			isa = XCSwiftPackageProductDependency;
			package = 7823682F24210AEE00406CEE /* XCRemoteSwiftPackageReference "bletools" */;
			productName = BLETools;
		};
		78A771342421274700EF3E0C /* AWDLScanner */ = {
			isa = XCSwiftPackageProductDependency;
			package = 78A771352421274700EF3E0C /* XCRemoteSwiftPackageReference "awdlscanner" */;
			productName = AWDLScanner;
		};
		78A771362421274700EF3E0C /* BLETools */ = {
			isa = XCSwiftPackageProductDependency;
			package = 78A771372421274700EF3E0C /* XCRemoteSwiftPackageReference "bletools" */;
			productName = BLETools;
		};
/* End XCSwiftPackageProductDependency section */
	};
	rootObject = 788D9879240D435C005FC745 /* Project object */;
}
